
Microsoft Visual Studio Solution File, Format Version 12.00
# Visual Studio Version 17
VisualStudioVersion = 17.13.35806.99 d17.13
MinimumVisualStudioVersion = 10.0.40219.1
Project("{FAE04EC0-301F-11D3-BF4B-00C04F79EFBC}") = "ShoeShop.Api", "ShoeShop.Api\ShoeShop.Api.csproj", "{333C1FE9-3316-44E2-A07E-B4A353A1F90F}"
EndProject
Project("{FAE04EC0-301F-11D3-BF4B-00C04F79EFBC}") = "ShoeShop.Data", "ShoeShop.Data\ShoeShop.Data.csproj", "{C426980D-96FB-4DF1-AFDA-09F7D2457046}"
EndProject
Project("{FAE04EC0-301F-11D3-BF4B-00C04F79EFBC}") = "ShoeShop.BLogic", "ShoeShop.BLogic\ShoeShop.BLogic.csproj", "{BA46DCA2-0BED-41ED-8F8A-8CF542E48452}"
EndProject
Global
	GlobalSection(SolutionConfigurationPlatforms) = preSolution
		Debug|Any CPU = Debug|Any CPU
		Release|Any CPU = Release|Any CPU
	EndGlobalSection
	GlobalSection(ProjectConfigurationPlatforms) = postSolution
		{333C1FE9-3316-44E2-A07E-B4A353A1F90F}.Debug|Any CPU.ActiveCfg = Debug|Any CPU
		{333C1FE9-3316-44E2-A07E-B4A353A1F90F}.Debug|Any CPU.Build.0 = Debug|Any CPU
		{333C1FE9-3316-44E2-A07E-B4A353A1F90F}.Release|Any CPU.ActiveCfg = Release|Any CPU
		{333C1FE9-3316-44E2-A07E-B4A353A1F90F}.Release|Any CPU.Build.0 = Release|Any CPU
		{C426980D-96FB-4DF1-AFDA-09F7D2457046}.Debug|Any CPU.ActiveCfg = Debug|Any CPU
		{C426980D-96FB-4DF1-AFDA-09F7D2457046}.Debug|Any CPU.Build.0 = Debug|Any CPU
		{C426980D-96FB-4DF1-AFDA-09F7D2457046}.Release|Any CPU.ActiveCfg = Release|Any CPU
		{C426980D-96FB-4DF1-AFDA-09F7D2457046}.Release|Any CPU.Build.0 = Release|Any CPU
		{BA46DCA2-0BED-41ED-8F8A-8CF542E48452}.Debug|Any CPU.ActiveCfg = Debug|Any CPU
		{BA46DCA2-0BED-41ED-8F8A-8CF542E48452}.Debug|Any CPU.Build.0 = Debug|Any CPU
		{BA46DCA2-0BED-41ED-8F8A-8CF542E48452}.Release|Any CPU.ActiveCfg = Release|Any CPU
		{BA46DCA2-0BED-41ED-8F8A-8CF542E48452}.Release|Any CPU.Build.0 = Release|Any CPU
	EndGlobalSection
	GlobalSection(SolutionProperties) = preSolution
		HideSolutionNode = FALSE
	EndGlobalSection
	GlobalSection(ExtensibilityGlobals) = postSolution
		SolutionGuid = {2B0851CE-5DB5-40BC-B520-4E7328CD6159}
	EndGlobalSection
EndGlobal
